// !$*UTF8*$!
{
	archiveVersion = 1;
	classes = {
	};
	objectVersion = 50;
	objects = {

/* Begin PBXBuildFile section */
		7A0E75B826E954A300C6DFB5 /* NetworkingManager.swift in Sources */ = {isa = PBXBuildFile; fileRef = 7A0E75B726E954A300C6DFB5 /* NetworkingManager.swift */; };
		7A0E75BB26E9E8E500C6DFB5 /* CoinImageView.swift in Sources */ = {isa = PBXBuildFile; fileRef = 7A0E75BA26E9E8E500C6DFB5 /* CoinImageView.swift */; };
		7A0E75BD26E9EC6900C6DFB5 /* CoinImageService.swift in Sources */ = {isa = PBXBuildFile; fileRef = 7A0E75BC26E9EC6900C6DFB5 /* CoinImageService.swift */; };
		7A0E75BF26E9EDA500C6DFB5 /* CoinImageViewModel.swift in Sources */ = {isa = PBXBuildFile; fileRef = 7A0E75BE26E9EDA500C6DFB5 /* CoinImageViewModel.swift */; };
		7A11E94926A06E9800B3D36C /* SwiftyCryptoApp.swift in Sources */ = {isa = PBXBuildFile; fileRef = 7A11E94826A06E9800B3D36C /* SwiftyCryptoApp.swift */; };
		7A11E94D26A06E9900B3D36C /* Assets.xcassets in Resources */ = {isa = PBXBuildFile; fileRef = 7A11E94C26A06E9900B3D36C /* Assets.xcassets */; };
		7A11E95026A06E9900B3D36C /* Preview Assets.xcassets in Resources */ = {isa = PBXBuildFile; fileRef = 7A11E94F26A06E9900B3D36C /* Preview Assets.xcassets */; };
		7A11E95926A06F7800B3D36C /* Color.swift in Sources */ = {isa = PBXBuildFile; fileRef = 7A11E95826A06F7800B3D36C /* Color.swift */; };
		7A11E95F26A2DF7400B3D36C /* HomeView.swift in Sources */ = {isa = PBXBuildFile; fileRef = 7A11E95E26A2DF7400B3D36C /* HomeView.swift */; };
		7A11E96326A2E04600B3D36C /* CircleButtonView.swift in Sources */ = {isa = PBXBuildFile; fileRef = 7A11E96226A2E04600B3D36C /* CircleButtonView.swift */; };
		7A11E96526A2E32D00B3D36C /* CircleButtonAnimationView.swift in Sources */ = {isa = PBXBuildFile; fileRef = 7A11E96426A2E32D00B3D36C /* CircleButtonAnimationView.swift */; };
		7A11E96826A2E9DA00B3D36C /* CoinModel.swift in Sources */ = {isa = PBXBuildFile; fileRef = 7A11E96726A2E9DA00B3D36C /* CoinModel.swift */; };
		7A2F4DEA26A5FDB200C6FA3E /* HomeViewModel.swift in Sources */ = {isa = PBXBuildFile; fileRef = 7A2F4DE926A5FDB200C6FA3E /* HomeViewModel.swift */; };
		7A55E31126A68C1500384DB6 /* CoinDataService.swift in Sources */ = {isa = PBXBuildFile; fileRef = 7A55E31026A68C1500384DB6 /* CoinDataService.swift */; };
		7A749C2C26EB7D870061C864 /* UIApplication.swift in Sources */ = {isa = PBXBuildFile; fileRef = 7A749C2B26EB7D870061C864 /* UIApplication.swift */; };
		7A78A92C26EF246D003DCB3E /* HomeStatsView.swift in Sources */ = {isa = PBXBuildFile; fileRef = 7A78A92B26EF246D003DCB3E /* HomeStatsView.swift */; };
		7A78A92E26EF2DD4003DCB3E /* MarketDataModel.swift in Sources */ = {isa = PBXBuildFile; fileRef = 7A78A92D26EF2DD4003DCB3E /* MarketDataModel.swift */; };
		7A78A93026EF301D003DCB3E /* MarketDataService.swift in Sources */ = {isa = PBXBuildFile; fileRef = 7A78A92F26EF301D003DCB3E /* MarketDataService.swift */; };
		7A78A93226EF5FD3003DCB3E /* PortfolioView.swift in Sources */ = {isa = PBXBuildFile; fileRef = 7A78A93126EF5FD3003DCB3E /* PortfolioView.swift */; };
		7A78A93626EF63DE003DCB3E /* CoinLogoView.swift in Sources */ = {isa = PBXBuildFile; fileRef = 7A78A93526EF63DE003DCB3E /* CoinLogoView.swift */; };
		7A9779FA26F6558700D8F126 /* String.swift in Sources */ = {isa = PBXBuildFile; fileRef = 7A9779F926F6558700D8F126 /* String.swift */; };
		7A977A5526FBACC700D8F126 /* AboutView.swift in Sources */ = {isa = PBXBuildFile; fileRef = 7A977A5426FBACC700D8F126 /* AboutView.swift */; };
		7A9D999526EB26BA00E7F50B /* LocalFileManager.swift in Sources */ = {isa = PBXBuildFile; fileRef = 7A9D999426EB26BA00E7F50B /* LocalFileManager.swift */; };
		7A9D999926EB4B2400E7F50B /* LocalFileManagerTests.swift in Sources */ = {isa = PBXBuildFile; fileRef = 7A9D999826EB4B2400E7F50B /* LocalFileManagerTests.swift */; };
		7A9D999D26EB4B7100E7F50B /* ImagesSavingManager.swift in Sources */ = {isa = PBXBuildFile; fileRef = 7A9D999C26EB4B7100E7F50B /* ImagesSavingManager.swift */; };
		7A9D999E26EB4C4500E7F50B /* ImagesSavingManager.swift in Sources */ = {isa = PBXBuildFile; fileRef = 7A9D999C26EB4B7100E7F50B /* ImagesSavingManager.swift */; };
		7A9D999F26EB4CE400E7F50B /* LocalFileManager.swift in Sources */ = {isa = PBXBuildFile; fileRef = 7A9D999426EB26BA00E7F50B /* LocalFileManager.swift */; };
		7A9D99A326EB782F00E7F50B /* SearchBarView.swift in Sources */ = {isa = PBXBuildFile; fileRef = 7A9D99A226EB782F00E7F50B /* SearchBarView.swift */; };
		7AA8719126A5E59D00D3B2FE /* CoinRowView.swift in Sources */ = {isa = PBXBuildFile; fileRef = 7AA8719026A5E59D00D3B2FE /* CoinRowView.swift */; };
		7AA8719326A5E5E900D3B2FE /* PreviewProvider.swift in Sources */ = {isa = PBXBuildFile; fileRef = 7AA8719226A5E5E900D3B2FE /* PreviewProvider.swift */; };
		7AA8719526A5E9C300D3B2FE /* Double.swift in Sources */ = {isa = PBXBuildFile; fileRef = 7AA8719426A5E9C300D3B2FE /* Double.swift */; };
		7AA871A426A5F07900D3B2FE /* DoubleExtensionTests.swift in Sources */ = {isa = PBXBuildFile; fileRef = 7AA871A326A5F07900D3B2FE /* DoubleExtensionTests.swift */; };
		7AF1190426F07ADB0054E4E1 /* PortfolioContainer.xcdatamodeld in Sources */ = {isa = PBXBuildFile; fileRef = 7AF1190226F07ADB0054E4E1 /* PortfolioContainer.xcdatamodeld */; };
		7AF1190626F07B6C0054E4E1 /* PortfolioDataService.swift in Sources */ = {isa = PBXBuildFile; fileRef = 7AF1190526F07B6C0054E4E1 /* PortfolioDataService.swift */; };
		7AF1190926F0A1720054E4E1 /* HapticManager.swift in Sources */ = {isa = PBXBuildFile; fileRef = 7AF1190826F0A1720054E4E1 /* HapticManager.swift */; };
		7AF1190E26F484050054E4E1 /* DetailView.swift in Sources */ = {isa = PBXBuildFile; fileRef = 7AF1190D26F484050054E4E1 /* DetailView.swift */; };
		7AF1191026F5CBBB0054E4E1 /* ChartView.swift in Sources */ = {isa = PBXBuildFile; fileRef = 7AF1190F26F5CBBB0054E4E1 /* ChartView.swift */; };
		7AF1191226F5D0F30054E4E1 /* Date.swift in Sources */ = {isa = PBXBuildFile; fileRef = 7AF1191126F5D0F30054E4E1 /* Date.swift */; };
		E0AEA6D226ECE47D0085F732 /* HomeViewModelTests.swift in Sources */ = {isa = PBXBuildFile; fileRef = E0AEA6D126ECE47D0085F732 /* HomeViewModelTests.swift */; };
		E0AEA6DA26ED08C40085F732 /* StatisticModel.swift in Sources */ = {isa = PBXBuildFile; fileRef = E0AEA6D926ED08C40085F732 /* StatisticModel.swift */; };
		E0AEA6DD26ED09F80085F732 /* StatisticView.swift in Sources */ = {isa = PBXBuildFile; fileRef = E0AEA6DC26ED09F80085F732 /* StatisticView.swift */; };
		E0B8DCCE26F4B0A30067648D /* CoinDetail.swift in Sources */ = {isa = PBXBuildFile; fileRef = E0B8DCCD26F4B0A30067648D /* CoinDetail.swift */; };
		E0B8DCD026F4B3EA0067648D /* CoinDetailDataService.swift in Sources */ = {isa = PBXBuildFile; fileRef = E0B8DCCF26F4B3EA0067648D /* CoinDetailDataService.swift */; };
		E0B8DCD226F4B7BF0067648D /* DetailViewModel.swift in Sources */ = {isa = PBXBuildFile; fileRef = E0B8DCD126F4B7BF0067648D /* DetailViewModel.swift */; };
		E0B8DCD626F4BE7F0067648D /* ErrorPublisherProtocol.swift in Sources */ = {isa = PBXBuildFile; fileRef = E0B8DCD526F4BE7F0067648D /* ErrorPublisherProtocol.swift */; };
/* End PBXBuildFile section */

/* Begin PBXContainerItemProxy section */
		7AA8719E26A5F05D00D3B2FE /* PBXContainerItemProxy */ = {
			isa = PBXContainerItemProxy;
			containerPortal = 7A11E93D26A06E9800B3D36C /* Project object */;
			proxyType = 1;
			remoteGlobalIDString = 7A11E94426A06E9800B3D36C;
			remoteInfo = SwiftyCrypto;
		};
/* End PBXContainerItemProxy section */

/* Begin PBXFileReference section */
		7A0E75B726E954A300C6DFB5 /* NetworkingManager.swift */ = {isa = PBXFileReference; lastKnownFileType = sourcecode.swift; path = NetworkingManager.swift; sourceTree = "<group>"; };
		7A0E75BA26E9E8E500C6DFB5 /* CoinImageView.swift */ = {isa = PBXFileReference; lastKnownFileType = sourcecode.swift; path = CoinImageView.swift; sourceTree = "<group>"; };
		7A0E75BC26E9EC6900C6DFB5 /* CoinImageService.swift */ = {isa = PBXFileReference; lastKnownFileType = sourcecode.swift; path = CoinImageService.swift; sourceTree = "<group>"; };
		7A0E75BE26E9EDA500C6DFB5 /* CoinImageViewModel.swift */ = {isa = PBXFileReference; lastKnownFileType = sourcecode.swift; path = CoinImageViewModel.swift; sourceTree = "<group>"; };
		7A11E94526A06E9800B3D36C /* SwiftyCrypto.app */ = {isa = PBXFileReference; explicitFileType = wrapper.application; includeInIndex = 0; path = SwiftyCrypto.app; sourceTree = BUILT_PRODUCTS_DIR; };
		7A11E94826A06E9800B3D36C /* SwiftyCryptoApp.swift */ = {isa = PBXFileReference; lastKnownFileType = sourcecode.swift; path = SwiftyCryptoApp.swift; sourceTree = "<group>"; };
		7A11E94C26A06E9900B3D36C /* Assets.xcassets */ = {isa = PBXFileReference; lastKnownFileType = folder.assetcatalog; path = Assets.xcassets; sourceTree = "<group>"; };
		7A11E94F26A06E9900B3D36C /* Preview Assets.xcassets */ = {isa = PBXFileReference; lastKnownFileType = folder.assetcatalog; path = "Preview Assets.xcassets"; sourceTree = "<group>"; };
		7A11E95126A06E9900B3D36C /* Info.plist */ = {isa = PBXFileReference; lastKnownFileType = text.plist.xml; path = Info.plist; sourceTree = "<group>"; };
		7A11E95826A06F7800B3D36C /* Color.swift */ = {isa = PBXFileReference; lastKnownFileType = sourcecode.swift; path = Color.swift; sourceTree = "<group>"; };
		7A11E95E26A2DF7400B3D36C /* HomeView.swift */ = {isa = PBXFileReference; lastKnownFileType = sourcecode.swift; path = HomeView.swift; sourceTree = "<group>"; };
		7A11E96226A2E04600B3D36C /* CircleButtonView.swift */ = {isa = PBXFileReference; lastKnownFileType = sourcecode.swift; path = CircleButtonView.swift; sourceTree = "<group>"; };
		7A11E96426A2E32D00B3D36C /* CircleButtonAnimationView.swift */ = {isa = PBXFileReference; lastKnownFileType = sourcecode.swift; path = CircleButtonAnimationView.swift; sourceTree = "<group>"; };
		7A11E96726A2E9DA00B3D36C /* CoinModel.swift */ = {isa = PBXFileReference; lastKnownFileType = sourcecode.swift; path = CoinModel.swift; sourceTree = "<group>"; };
		7A2F4DE926A5FDB200C6FA3E /* HomeViewModel.swift */ = {isa = PBXFileReference; lastKnownFileType = sourcecode.swift; path = HomeViewModel.swift; sourceTree = "<group>"; };
		7A55E31026A68C1500384DB6 /* CoinDataService.swift */ = {isa = PBXFileReference; lastKnownFileType = sourcecode.swift; path = CoinDataService.swift; sourceTree = "<group>"; };
		7A749C2B26EB7D870061C864 /* UIApplication.swift */ = {isa = PBXFileReference; lastKnownFileType = sourcecode.swift; path = UIApplication.swift; sourceTree = "<group>"; };
		7A78A92B26EF246D003DCB3E /* HomeStatsView.swift */ = {isa = PBXFileReference; lastKnownFileType = sourcecode.swift; path = HomeStatsView.swift; sourceTree = "<group>"; };
		7A78A92D26EF2DD4003DCB3E /* MarketDataModel.swift */ = {isa = PBXFileReference; lastKnownFileType = sourcecode.swift; path = MarketDataModel.swift; sourceTree = "<group>"; };
		7A78A92F26EF301D003DCB3E /* MarketDataService.swift */ = {isa = PBXFileReference; lastKnownFileType = sourcecode.swift; path = MarketDataService.swift; sourceTree = "<group>"; };
		7A78A93126EF5FD3003DCB3E /* PortfolioView.swift */ = {isa = PBXFileReference; lastKnownFileType = sourcecode.swift; path = PortfolioView.swift; sourceTree = "<group>"; };
		7A78A93526EF63DE003DCB3E /* CoinLogoView.swift */ = {isa = PBXFileReference; lastKnownFileType = sourcecode.swift; path = CoinLogoView.swift; sourceTree = "<group>"; };
		7A9779F926F6558700D8F126 /* String.swift */ = {isa = PBXFileReference; lastKnownFileType = sourcecode.swift; path = String.swift; sourceTree = "<group>"; };
		7A977A5426FBACC700D8F126 /* AboutView.swift */ = {isa = PBXFileReference; lastKnownFileType = sourcecode.swift; path = AboutView.swift; sourceTree = "<group>"; };
		7A9D999426EB26BA00E7F50B /* LocalFileManager.swift */ = {isa = PBXFileReference; lastKnownFileType = sourcecode.swift; path = LocalFileManager.swift; sourceTree = "<group>"; };
		7A9D999826EB4B2400E7F50B /* LocalFileManagerTests.swift */ = {isa = PBXFileReference; lastKnownFileType = sourcecode.swift; path = LocalFileManagerTests.swift; sourceTree = "<group>"; };
		7A9D999C26EB4B7100E7F50B /* ImagesSavingManager.swift */ = {isa = PBXFileReference; lastKnownFileType = sourcecode.swift; path = ImagesSavingManager.swift; sourceTree = "<group>"; };
		7A9D99A226EB782F00E7F50B /* SearchBarView.swift */ = {isa = PBXFileReference; lastKnownFileType = sourcecode.swift; path = SearchBarView.swift; sourceTree = "<group>"; };
		7AA8719026A5E59D00D3B2FE /* CoinRowView.swift */ = {isa = PBXFileReference; lastKnownFileType = sourcecode.swift; path = CoinRowView.swift; sourceTree = "<group>"; };
		7AA8719226A5E5E900D3B2FE /* PreviewProvider.swift */ = {isa = PBXFileReference; lastKnownFileType = sourcecode.swift; path = PreviewProvider.swift; sourceTree = "<group>"; };
		7AA8719426A5E9C300D3B2FE /* Double.swift */ = {isa = PBXFileReference; lastKnownFileType = sourcecode.swift; path = Double.swift; sourceTree = "<group>"; };
		7AA8719A26A5F05D00D3B2FE /* SwiftyCryptoUnitTests.xctest */ = {isa = PBXFileReference; explicitFileType = wrapper.cfbundle; includeInIndex = 0; path = SwiftyCryptoUnitTests.xctest; sourceTree = BUILT_PRODUCTS_DIR; };
		7AA871A326A5F07900D3B2FE /* DoubleExtensionTests.swift */ = {isa = PBXFileReference; lastKnownFileType = sourcecode.swift; path = DoubleExtensionTests.swift; sourceTree = "<group>"; };
		7AF1190326F07ADB0054E4E1 /* PortfolioContainer.xcdatamodel */ = {isa = PBXFileReference; lastKnownFileType = wrapper.xcdatamodel; path = PortfolioContainer.xcdatamodel; sourceTree = "<group>"; };
		7AF1190526F07B6C0054E4E1 /* PortfolioDataService.swift */ = {isa = PBXFileReference; lastKnownFileType = sourcecode.swift; path = PortfolioDataService.swift; sourceTree = "<group>"; };
		7AF1190826F0A1720054E4E1 /* HapticManager.swift */ = {isa = PBXFileReference; lastKnownFileType = sourcecode.swift; path = HapticManager.swift; sourceTree = "<group>"; };
		7AF1190D26F484050054E4E1 /* DetailView.swift */ = {isa = PBXFileReference; lastKnownFileType = sourcecode.swift; path = DetailView.swift; sourceTree = "<group>"; };
		7AF1190F26F5CBBB0054E4E1 /* ChartView.swift */ = {isa = PBXFileReference; lastKnownFileType = sourcecode.swift; path = ChartView.swift; sourceTree = "<group>"; };
		7AF1191126F5D0F30054E4E1 /* Date.swift */ = {isa = PBXFileReference; lastKnownFileType = sourcecode.swift; path = Date.swift; sourceTree = "<group>"; };
		E0AEA6D126ECE47D0085F732 /* HomeViewModelTests.swift */ = {isa = PBXFileReference; lastKnownFileType = sourcecode.swift; path = HomeViewModelTests.swift; sourceTree = "<group>"; };
		E0AEA6D926ED08C40085F732 /* StatisticModel.swift */ = {isa = PBXFileReference; lastKnownFileType = sourcecode.swift; path = StatisticModel.swift; sourceTree = "<group>"; };
		E0AEA6DC26ED09F80085F732 /* StatisticView.swift */ = {isa = PBXFileReference; lastKnownFileType = sourcecode.swift; path = StatisticView.swift; sourceTree = "<group>"; };
		E0B8DCCD26F4B0A30067648D /* CoinDetail.swift */ = {isa = PBXFileReference; lastKnownFileType = sourcecode.swift; path = CoinDetail.swift; sourceTree = "<group>"; };
		E0B8DCCF26F4B3EA0067648D /* CoinDetailDataService.swift */ = {isa = PBXFileReference; lastKnownFileType = sourcecode.swift; path = CoinDetailDataService.swift; sourceTree = "<group>"; };
		E0B8DCD126F4B7BF0067648D /* DetailViewModel.swift */ = {isa = PBXFileReference; lastKnownFileType = sourcecode.swift; name = DetailViewModel.swift; path = SwiftyCrypto/Services/DetailViewModel.swift; sourceTree = SOURCE_ROOT; };
		E0B8DCD526F4BE7F0067648D /* ErrorPublisherProtocol.swift */ = {isa = PBXFileReference; lastKnownFileType = sourcecode.swift; path = ErrorPublisherProtocol.swift; sourceTree = "<group>"; };
/* End PBXFileReference section */

/* Begin PBXFrameworksBuildPhase section */
		7A11E94226A06E9800B3D36C /* Frameworks */ = {
			isa = PBXFrameworksBuildPhase;
			buildActionMask = 2147483647;
			files = (
			);
			runOnlyForDeploymentPostprocessing = 0;
		};
		7AA8719726A5F05D00D3B2FE /* Frameworks */ = {
			isa = PBXFrameworksBuildPhase;
			buildActionMask = 2147483647;
			files = (
			);
			runOnlyForDeploymentPostprocessing = 0;
		};
/* End PBXFrameworksBuildPhase section */

/* Begin PBXGroup section */
		7A0E75B626E9542000C6DFB5 /* Utilities */ = {
			isa = PBXGroup;
			children = (
				7A0E75B726E954A300C6DFB5 /* NetworkingManager.swift */,
				7A9D999426EB26BA00E7F50B /* LocalFileManager.swift */,
				7A9D999C26EB4B7100E7F50B /* ImagesSavingManager.swift */,
				7AF1190826F0A1720054E4E1 /* HapticManager.swift */,
				E0B8DCD526F4BE7F0067648D /* ErrorPublisherProtocol.swift */,
			);
			path = Utilities;
			sourceTree = "<group>";
		};
		7A0E75B926E9E8D700C6DFB5 /* CoinImage */ = {
			isa = PBXGroup;
			children = (
				7A0E75BA26E9E8E500C6DFB5 /* CoinImageView.swift */,
				7A0E75BE26E9EDA500C6DFB5 /* CoinImageViewModel.swift */,
				7A78A93526EF63DE003DCB3E /* CoinLogoView.swift */,
			);
			path = CoinImage;
			sourceTree = "<group>";
		};
		7A11E93C26A06E9800B3D36C = {
			isa = PBXGroup;
			children = (
				7A11E94726A06E9800B3D36C /* SwiftyCrypto */,
				7AA8719B26A5F05D00D3B2FE /* SwiftyCryptoUnitTests */,
				7A11E94626A06E9800B3D36C /* Products */,
			);
			sourceTree = "<group>";
		};
		7A11E94626A06E9800B3D36C /* Products */ = {
			isa = PBXGroup;
			children = (
				7A11E94526A06E9800B3D36C /* SwiftyCrypto.app */,
				7AA8719A26A5F05D00D3B2FE /* SwiftyCryptoUnitTests.xctest */,
			);
			name = Products;
			sourceTree = "<group>";
		};
		7A11E94726A06E9800B3D36C /* SwiftyCrypto */ = {
			isa = PBXGroup;
			children = (
				7A0E75B626E9542000C6DFB5 /* Utilities */,
				7A11E96626A2E9BD00B3D36C /* Models */,
				7A11E95A26A2DF4A00B3D36C /* Core */,
				7A11E95726A06F6300B3D36C /* Extensions */,
				7A55E30F26A68BE100384DB6 /* Services */,
				7A11E94826A06E9800B3D36C /* SwiftyCryptoApp.swift */,
				7A11E94C26A06E9900B3D36C /* Assets.xcassets */,
				7A11E95126A06E9900B3D36C /* Info.plist */,
				7A11E94E26A06E9900B3D36C /* Preview Content */,
			);
			path = SwiftyCrypto;
			sourceTree = "<group>";
		};
		7A11E94E26A06E9900B3D36C /* Preview Content */ = {
			isa = PBXGroup;
			children = (
				7A11E94F26A06E9900B3D36C /* Preview Assets.xcassets */,
			);
			path = "Preview Content";
			sourceTree = "<group>";
		};
		7A11E95726A06F6300B3D36C /* Extensions */ = {
			isa = PBXGroup;
			children = (
				7A11E95826A06F7800B3D36C /* Color.swift */,
				7AA8719226A5E5E900D3B2FE /* PreviewProvider.swift */,
				7AA8719426A5E9C300D3B2FE /* Double.swift */,
				7A749C2B26EB7D870061C864 /* UIApplication.swift */,
				7AF1191126F5D0F30054E4E1 /* Date.swift */,
				7A9779F926F6558700D8F126 /* String.swift */,
			);
			path = Extensions;
			sourceTree = "<group>";
		};
		7A11E95A26A2DF4A00B3D36C /* Core */ = {
			isa = PBXGroup;
			children = (
				7A977A5226FBACAC00D8F126 /* Settings */,
				7A11E96026A2E02000B3D36C /* Components */,
				7A11E95B26A2DF4E00B3D36C /* Home */,
				7AF1190A26F483D90054E4E1 /* Detail */,
			);
			path = Core;
			sourceTree = "<group>";
		};
		7A11E95B26A2DF4E00B3D36C /* Home */ = {
			isa = PBXGroup;
			children = (
				7A11E95D26A2DF6900B3D36C /* ViewModels */,
				7A11E95C26A2DF6400B3D36C /* Views */,
			);
			path = Home;
			sourceTree = "<group>";
		};
		7A11E95C26A2DF6400B3D36C /* Views */ = {
			isa = PBXGroup;
			children = (
				7A11E95E26A2DF7400B3D36C /* HomeView.swift */,
				7A78A92B26EF246D003DCB3E /* HomeStatsView.swift */,
				7AA8719026A5E59D00D3B2FE /* CoinRowView.swift */,
				7A78A93126EF5FD3003DCB3E /* PortfolioView.swift */,
			);
			path = Views;
			sourceTree = "<group>";
		};
		7A11E95D26A2DF6900B3D36C /* ViewModels */ = {
			isa = PBXGroup;
			children = (
				7A2F4DE926A5FDB200C6FA3E /* HomeViewModel.swift */,
			);
			path = ViewModels;
			sourceTree = "<group>";
		};
		7A11E96026A2E02000B3D36C /* Components */ = {
			isa = PBXGroup;
			children = (
				E0AEA6DB26ED09DB0085F732 /* Statistic */,
				E0AEA6D426ECE5200085F732 /* SearchBar */,
				7A0E75B926E9E8D700C6DFB5 /* CoinImage */,
				7A11E96126A2E03900B3D36C /* CircleButton */,
			);
			path = Components;
			sourceTree = "<group>";
		};
		7A11E96126A2E03900B3D36C /* CircleButton */ = {
			isa = PBXGroup;
			children = (
				7A11E96226A2E04600B3D36C /* CircleButtonView.swift */,
				7A11E96426A2E32D00B3D36C /* CircleButtonAnimationView.swift */,
			);
			path = CircleButton;
			sourceTree = "<group>";
		};
		7A11E96626A2E9BD00B3D36C /* Models */ = {
			isa = PBXGroup;
			children = (
				7A11E96726A2E9DA00B3D36C /* CoinModel.swift */,
				E0AEA6D926ED08C40085F732 /* StatisticModel.swift */,
				7A78A92D26EF2DD4003DCB3E /* MarketDataModel.swift */,
				E0B8DCCD26F4B0A30067648D /* CoinDetail.swift */,
				7AF1190226F07ADB0054E4E1 /* PortfolioContainer.xcdatamodeld */,
			);
			path = Models;
			sourceTree = "<group>";
		};
		7A55E30F26A68BE100384DB6 /* Services */ = {
			isa = PBXGroup;
			children = (
				7A55E31026A68C1500384DB6 /* CoinDataService.swift */,
				7A0E75BC26E9EC6900C6DFB5 /* CoinImageService.swift */,
				7A78A92F26EF301D003DCB3E /* MarketDataService.swift */,
				7AF1190526F07B6C0054E4E1 /* PortfolioDataService.swift */,
				E0B8DCCF26F4B3EA0067648D /* CoinDetailDataService.swift */,
			);
			path = Services;
			sourceTree = "<group>";
		};
		7A977A5226FBACAC00D8F126 /* Settings */ = {
			isa = PBXGroup;
			children = (
				7A977A5326FBACB900D8F126 /* Views */,
			);
			path = Settings;
			sourceTree = "<group>";
		};
		7A977A5326FBACB900D8F126 /* Views */ = {
			isa = PBXGroup;
			children = (
				7A977A5426FBACC700D8F126 /* AboutView.swift */,
			);
			path = Views;
			sourceTree = "<group>";
		};
		7A9D999626EB4B0600E7F50B /* UtilitiesTests */ = {
			isa = PBXGroup;
			children = (
				7A9D999826EB4B2400E7F50B /* LocalFileManagerTests.swift */,
			);
			path = UtilitiesTests;
			sourceTree = "<group>";
		};
		7AA8719B26A5F05D00D3B2FE /* SwiftyCryptoUnitTests */ = {
			isa = PBXGroup;
			children = (
				E0AEA6D026ECE45F0085F732 /* HomeTests */,
				7A9D999626EB4B0600E7F50B /* UtilitiesTests */,
				7AA871A326A5F07900D3B2FE /* DoubleExtensionTests.swift */,
			);
			path = SwiftyCryptoUnitTests;
			sourceTree = "<group>";
		};
		7AF1190A26F483D90054E4E1 /* Detail */ = {
			isa = PBXGroup;
			children = (
				7AF1190C26F483EE0054E4E1 /* Views */,
				7AF1190B26F483E90054E4E1 /* ViewModels */,
			);
			path = Detail;
			sourceTree = "<group>";
		};
		7AF1190B26F483E90054E4E1 /* ViewModels */ = {
			isa = PBXGroup;
			children = (
				E0B8DCD126F4B7BF0067648D /* DetailViewModel.swift */,
			);
			path = ViewModels;
			sourceTree = "<group>";
		};
		7AF1190C26F483EE0054E4E1 /* Views */ = {
			isa = PBXGroup;
			children = (
				7AF1190D26F484050054E4E1 /* DetailView.swift */,
				7AF1190F26F5CBBB0054E4E1 /* ChartView.swift */,
			);
			path = Views;
			sourceTree = "<group>";
		};
		E0AEA6D026ECE45F0085F732 /* HomeTests */ = {
			isa = PBXGroup;
			children = (
				E0AEA6D126ECE47D0085F732 /* HomeViewModelTests.swift */,
			);
			path = HomeTests;
			sourceTree = "<group>";
		};
		E0AEA6D426ECE5200085F732 /* SearchBar */ = {
			isa = PBXGroup;
			children = (
				7A9D99A226EB782F00E7F50B /* SearchBarView.swift */,
			);
			path = SearchBar;
			sourceTree = "<group>";
		};
		E0AEA6DB26ED09DB0085F732 /* Statistic */ = {
			isa = PBXGroup;
			children = (
				E0AEA6DC26ED09F80085F732 /* StatisticView.swift */,
			);
			path = Statistic;
			sourceTree = "<group>";
		};
/* End PBXGroup section */

/* Begin PBXNativeTarget section */
		7A11E94426A06E9800B3D36C /* SwiftyCrypto */ = {
			isa = PBXNativeTarget;
			buildConfigurationList = 7A11E95426A06E9900B3D36C /* Build configuration list for PBXNativeTarget "SwiftyCrypto" */;
			buildPhases = (
				7A11E94126A06E9800B3D36C /* Sources */,
				7A11E94226A06E9800B3D36C /* Frameworks */,
				7A11E94326A06E9800B3D36C /* Resources */,
			);
			buildRules = (
			);
			dependencies = (
			);
			name = SwiftyCrypto;
			packageProductDependencies = (
			);
			productName = SwiftyCrypto;
			productReference = 7A11E94526A06E9800B3D36C /* SwiftyCrypto.app */;
			productType = "com.apple.product-type.application";
		};
		7AA8719926A5F05D00D3B2FE /* SwiftyCryptoUnitTests */ = {
			isa = PBXNativeTarget;
			buildConfigurationList = 7AA871A026A5F05D00D3B2FE /* Build configuration list for PBXNativeTarget "SwiftyCryptoUnitTests" */;
			buildPhases = (
				7AA8719626A5F05D00D3B2FE /* Sources */,
				7AA8719726A5F05D00D3B2FE /* Frameworks */,
				7AA8719826A5F05D00D3B2FE /* Resources */,
			);
			buildRules = (
			);
			dependencies = (
				7AA8719F26A5F05D00D3B2FE /* PBXTargetDependency */,
			);
			name = SwiftyCryptoUnitTests;
			productName = SwiftyCryptoUnitTests;
			productReference = 7AA8719A26A5F05D00D3B2FE /* SwiftyCryptoUnitTests.xctest */;
			productType = "com.apple.product-type.bundle.unit-test";
		};
/* End PBXNativeTarget section */

/* Begin PBXProject section */
		7A11E93D26A06E9800B3D36C /* Project object */ = {
			isa = PBXProject;
			attributes = {
				LastSwiftUpdateCheck = 1300;
				LastUpgradeCheck = 1250;
				TargetAttributes = {
					7A11E94426A06E9800B3D36C = {
						CreatedOnToolsVersion = 12.5.1;
					};
					7AA8719926A5F05D00D3B2FE = {
						CreatedOnToolsVersion = 13.0;
						TestTargetID = 7A11E94426A06E9800B3D36C;
					};
				};
			};
			buildConfigurationList = 7A11E94026A06E9800B3D36C /* Build configuration list for PBXProject "SwiftyCrypto" */;
			compatibilityVersion = "Xcode 9.3";
			developmentRegion = en;
			hasScannedForEncodings = 0;
			knownRegions = (
				en,
				Base,
			);
			mainGroup = 7A11E93C26A06E9800B3D36C;
			packageReferences = (
			);
			productRefGroup = 7A11E94626A06E9800B3D36C /* Products */;
			projectDirPath = "";
			projectRoot = "";
			targets = (
				7A11E94426A06E9800B3D36C /* SwiftyCrypto */,
				7AA8719926A5F05D00D3B2FE /* SwiftyCryptoUnitTests */,
			);
		};
/* End PBXProject section */

/* Begin PBXResourcesBuildPhase section */
		7A11E94326A06E9800B3D36C /* Resources */ = {
			isa = PBXResourcesBuildPhase;
			buildActionMask = 2147483647;
			files = (
				7A11E95026A06E9900B3D36C /* Preview Assets.xcassets in Resources */,
				7A11E94D26A06E9900B3D36C /* Assets.xcassets in Resources */,
			);
			runOnlyForDeploymentPostprocessing = 0;
		};
		7AA8719826A5F05D00D3B2FE /* Resources */ = {
			isa = PBXResourcesBuildPhase;
			buildActionMask = 2147483647;
			files = (
			);
			runOnlyForDeploymentPostprocessing = 0;
		};
/* End PBXResourcesBuildPhase section */

/* Begin PBXSourcesBuildPhase section */
		7A11E94126A06E9800B3D36C /* Sources */ = {
			isa = PBXSourcesBuildPhase;
			buildActionMask = 2147483647;
			files = (
				E0AEA6DA26ED08C40085F732 /* StatisticModel.swift in Sources */,
				E0B8DCD626F4BE7F0067648D /* ErrorPublisherProtocol.swift in Sources */,
				7A55E31126A68C1500384DB6 /* CoinDataService.swift in Sources */,
				7AF1191026F5CBBB0054E4E1 /* ChartView.swift in Sources */,
				7A78A93626EF63DE003DCB3E /* CoinLogoView.swift in Sources */,
				7AA8719126A5E59D00D3B2FE /* CoinRowView.swift in Sources */,
				7A2F4DEA26A5FDB200C6FA3E /* HomeViewModel.swift in Sources */,
				7AF1191226F5D0F30054E4E1 /* Date.swift in Sources */,
				7AF1190426F07ADB0054E4E1 /* PortfolioContainer.xcdatamodeld in Sources */,
				7A9D999526EB26BA00E7F50B /* LocalFileManager.swift in Sources */,
				7A0E75BD26E9EC6900C6DFB5 /* CoinImageService.swift in Sources */,
				7A78A92E26EF2DD4003DCB3E /* MarketDataModel.swift in Sources */,
				7A11E95F26A2DF7400B3D36C /* HomeView.swift in Sources */,
				E0AEA6DD26ED09F80085F732 /* StatisticView.swift in Sources */,
				7A0E75BB26E9E8E500C6DFB5 /* CoinImageView.swift in Sources */,
				E0B8DCCE26F4B0A30067648D /* CoinDetail.swift in Sources */,
				7A749C2C26EB7D870061C864 /* UIApplication.swift in Sources */,
				7AF1190E26F484050054E4E1 /* DetailView.swift in Sources */,
				7A11E94926A06E9800B3D36C /* SwiftyCryptoApp.swift in Sources */,
				7A11E96326A2E04600B3D36C /* CircleButtonView.swift in Sources */,
				7A11E95926A06F7800B3D36C /* Color.swift in Sources */,
				7A0E75B826E954A300C6DFB5 /* NetworkingManager.swift in Sources */,
				7A9D99A326EB782F00E7F50B /* SearchBarView.swift in Sources */,
				7AF1190626F07B6C0054E4E1 /* PortfolioDataService.swift in Sources */,
				7A78A92C26EF246D003DCB3E /* HomeStatsView.swift in Sources */,
				7A78A93026EF301D003DCB3E /* MarketDataService.swift in Sources */,
				7A0E75BF26E9EDA500C6DFB5 /* CoinImageViewModel.swift in Sources */,
				7A9779FA26F6558700D8F126 /* String.swift in Sources */,
				7A9D999D26EB4B7100E7F50B /* ImagesSavingManager.swift in Sources */,
				7A11E96526A2E32D00B3D36C /* CircleButtonAnimationView.swift in Sources */,
				7AF1190926F0A1720054E4E1 /* HapticManager.swift in Sources */,
				7A78A93226EF5FD3003DCB3E /* PortfolioView.swift in Sources */,
				7AA8719326A5E5E900D3B2FE /* PreviewProvider.swift in Sources */,
				E0B8DCD026F4B3EA0067648D /* CoinDetailDataService.swift in Sources */,
				7AA8719526A5E9C300D3B2FE /* Double.swift in Sources */,
				E0B8DCD226F4B7BF0067648D /* DetailViewModel.swift in Sources */,
				7A11E96826A2E9DA00B3D36C /* CoinModel.swift in Sources */,
				7A977A5526FBACC700D8F126 /* AboutView.swift in Sources */,
			);
			runOnlyForDeploymentPostprocessing = 0;
		};
		7AA8719626A5F05D00D3B2FE /* Sources */ = {
			isa = PBXSourcesBuildPhase;
			buildActionMask = 2147483647;
			files = (
				E0AEA6D226ECE47D0085F732 /* HomeViewModelTests.swift in Sources */,
				7AA871A426A5F07900D3B2FE /* DoubleExtensionTests.swift in Sources */,
				7A9D999E26EB4C4500E7F50B /* ImagesSavingManager.swift in Sources */,
				7A9D999F26EB4CE400E7F50B /* LocalFileManager.swift in Sources */,
				7A9D999926EB4B2400E7F50B /* LocalFileManagerTests.swift in Sources */,
			);
			runOnlyForDeploymentPostprocessing = 0;
		};
/* End PBXSourcesBuildPhase section */

/* Begin PBXTargetDependency section */
		7AA8719F26A5F05D00D3B2FE /* PBXTargetDependency */ = {
			isa = PBXTargetDependency;
			target = 7A11E94426A06E9800B3D36C /* SwiftyCrypto */;
			targetProxy = 7AA8719E26A5F05D00D3B2FE /* PBXContainerItemProxy */;
		};
/* End PBXTargetDependency section */

/* Begin XCBuildConfiguration section */
		7A11E95226A06E9900B3D36C /* Debug */ = {
			isa = XCBuildConfiguration;
			buildSettings = {
				ALWAYS_SEARCH_USER_PATHS = NO;
				CLANG_ANALYZER_NONNULL = YES;
				CLANG_ANALYZER_NUMBER_OBJECT_CONVERSION = YES_AGGRESSIVE;
				CLANG_CXX_LANGUAGE_STANDARD = "gnu++14";
				CLANG_CXX_LIBRARY = "libc++";
				CLANG_ENABLE_MODULES = YES;
				CLANG_ENABLE_OBJC_ARC = YES;
				CLANG_ENABLE_OBJC_WEAK = YES;
				CLANG_WARN_BLOCK_CAPTURE_AUTORELEASING = YES;
				CLANG_WARN_BOOL_CONVERSION = YES;
				CLANG_WARN_COMMA = YES;
				CLANG_WARN_CONSTANT_CONVERSION = YES;
				CLANG_WARN_DEPRECATED_OBJC_IMPLEMENTATIONS = YES;
				CLANG_WARN_DIRECT_OBJC_ISA_USAGE = YES_ERROR;
				CLANG_WARN_DOCUMENTATION_COMMENTS = YES;
				CLANG_WARN_EMPTY_BODY = YES;
				CLANG_WARN_ENUM_CONVERSION = YES;
				CLANG_WARN_INFINITE_RECURSION = YES;
				CLANG_WARN_INT_CONVERSION = YES;
				CLANG_WARN_NON_LITERAL_NULL_CONVERSION = YES;
				CLANG_WARN_OBJC_IMPLICIT_RETAIN_SELF = YES;
				CLANG_WARN_OBJC_LITERAL_CONVERSION = YES;
				CLANG_WARN_OBJC_ROOT_CLASS = YES_ERROR;
				CLANG_WARN_QUOTED_INCLUDE_IN_FRAMEWORK_HEADER = YES;
				CLANG_WARN_RANGE_LOOP_ANALYSIS = YES;
				CLANG_WARN_STRICT_PROTOTYPES = YES;
				CLANG_WARN_SUSPICIOUS_MOVE = YES;
				CLANG_WARN_UNGUARDED_AVAILABILITY = YES_AGGRESSIVE;
				CLANG_WARN_UNREACHABLE_CODE = YES;
				CLANG_WARN__DUPLICATE_METHOD_MATCH = YES;
				COPY_PHASE_STRIP = NO;
				DEBUG_INFORMATION_FORMAT = dwarf;
				ENABLE_STRICT_OBJC_MSGSEND = YES;
				ENABLE_TESTABILITY = YES;
				GCC_C_LANGUAGE_STANDARD = gnu11;
				GCC_DYNAMIC_NO_PIC = NO;
				GCC_NO_COMMON_BLOCKS = YES;
				GCC_OPTIMIZATION_LEVEL = 0;
				GCC_PREPROCESSOR_DEFINITIONS = (
					"DEBUG=1",
					"$(inherited)",
				);
				GCC_WARN_64_TO_32_BIT_CONVERSION = YES;
				GCC_WARN_ABOUT_RETURN_TYPE = YES_ERROR;
				GCC_WARN_UNDECLARED_SELECTOR = YES;
				GCC_WARN_UNINITIALIZED_AUTOS = YES_AGGRESSIVE;
				GCC_WARN_UNUSED_FUNCTION = YES;
				GCC_WARN_UNUSED_VARIABLE = YES;
				IPHONEOS_DEPLOYMENT_TARGET = 14.0;
				MTL_ENABLE_DEBUG_INFO = INCLUDE_SOURCE;
				MTL_FAST_MATH = YES;
				ONLY_ACTIVE_ARCH = YES;
				SDKROOT = iphoneos;
				SWIFT_ACTIVE_COMPILATION_CONDITIONS = DEBUG;
				SWIFT_OPTIMIZATION_LEVEL = "-Onone";
			};
			name = Debug;
		};
		7A11E95326A06E9900B3D36C /* Release */ = {
			isa = XCBuildConfiguration;
			buildSettings = {
				ALWAYS_SEARCH_USER_PATHS = NO;
				CLANG_ANALYZER_NONNULL = YES;
				CLANG_ANALYZER_NUMBER_OBJECT_CONVERSION = YES_AGGRESSIVE;
				CLANG_CXX_LANGUAGE_STANDARD = "gnu++14";
				CLANG_CXX_LIBRARY = "libc++";
				CLANG_ENABLE_MODULES = YES;
				CLANG_ENABLE_OBJC_ARC = YES;
				CLANG_ENABLE_OBJC_WEAK = YES;
				CLANG_WARN_BLOCK_CAPTURE_AUTORELEASING = YES;
				CLANG_WARN_BOOL_CONVERSION = YES;
				CLANG_WARN_COMMA = YES;
				CLANG_WARN_CONSTANT_CONVERSION = YES;
				CLANG_WARN_DEPRECATED_OBJC_IMPLEMENTATIONS = YES;
				CLANG_WARN_DIRECT_OBJC_ISA_USAGE = YES_ERROR;
				CLANG_WARN_DOCUMENTATION_COMMENTS = YES;
				CLANG_WARN_EMPTY_BODY = YES;
				CLANG_WARN_ENUM_CONVERSION = YES;
				CLANG_WARN_INFINITE_RECURSION = YES;
				CLANG_WARN_INT_CONVERSION = YES;
				CLANG_WARN_NON_LITERAL_NULL_CONVERSION = YES;
				CLANG_WARN_OBJC_IMPLICIT_RETAIN_SELF = YES;
				CLANG_WARN_OBJC_LITERAL_CONVERSION = YES;
				CLANG_WARN_OBJC_ROOT_CLASS = YES_ERROR;
				CLANG_WARN_QUOTED_INCLUDE_IN_FRAMEWORK_HEADER = YES;
				CLANG_WARN_RANGE_LOOP_ANALYSIS = YES;
				CLANG_WARN_STRICT_PROTOTYPES = YES;
				CLANG_WARN_SUSPICIOUS_MOVE = YES;
				CLANG_WARN_UNGUARDED_AVAILABILITY = YES_AGGRESSIVE;
				CLANG_WARN_UNREACHABLE_CODE = YES;
				CLANG_WARN__DUPLICATE_METHOD_MATCH = YES;
				COPY_PHASE_STRIP = NO;
				DEBUG_INFORMATION_FORMAT = "dwarf-with-dsym";
				ENABLE_NS_ASSERTIONS = NO;
				ENABLE_STRICT_OBJC_MSGSEND = YES;
				GCC_C_LANGUAGE_STANDARD = gnu11;
				GCC_NO_COMMON_BLOCKS = YES;
				GCC_WARN_64_TO_32_BIT_CONVERSION = YES;
				GCC_WARN_ABOUT_RETURN_TYPE = YES_ERROR;
				GCC_WARN_UNDECLARED_SELECTOR = YES;
				GCC_WARN_UNINITIALIZED_AUTOS = YES_AGGRESSIVE;
				GCC_WARN_UNUSED_FUNCTION = YES;
				GCC_WARN_UNUSED_VARIABLE = YES;
				IPHONEOS_DEPLOYMENT_TARGET = 14.0;
				MTL_ENABLE_DEBUG_INFO = NO;
				MTL_FAST_MATH = YES;
				SDKROOT = iphoneos;
				SWIFT_COMPILATION_MODE = wholemodule;
				SWIFT_OPTIMIZATION_LEVEL = "-O";
				VALIDATE_PRODUCT = YES;
			};
			name = Release;
		};
		7A11E95526A06E9900B3D36C /* Debug */ = {
			isa = XCBuildConfiguration;
			buildSettings = {
				ASSETCATALOG_COMPILER_APPICON_NAME = AppIcon;
				ASSETCATALOG_COMPILER_GLOBAL_ACCENT_COLOR_NAME = AccentColor;
				CODE_SIGN_STYLE = Automatic;
				DEVELOPMENT_ASSET_PATHS = "\"SwiftyCrypto/Preview Content\"";
				DEVELOPMENT_TEAM = 7KN966P9LP;
				ENABLE_PREVIEWS = YES;
				INFOPLIST_FILE = SwiftyCrypto/Info.plist;
				IPHONEOS_DEPLOYMENT_TARGET = 14.0;
				LD_RUNPATH_SEARCH_PATHS = (
					"$(inherited)",
					"@executable_path/Frameworks",
				);
				PRODUCT_BUNDLE_IDENTIFIER = com.lswarss.SwiftyCrypto;
				PRODUCT_NAME = "$(TARGET_NAME)";
				SWIFT_VERSION = 5.0;
				TARGETED_DEVICE_FAMILY = "1,2";
			};
			name = Debug;
		};
		7A11E95626A06E9900B3D36C /* Release */ = {
			isa = XCBuildConfiguration;
			buildSettings = {
				ASSETCATALOG_COMPILER_APPICON_NAME = AppIcon;
				ASSETCATALOG_COMPILER_GLOBAL_ACCENT_COLOR_NAME = AccentColor;
				CODE_SIGN_STYLE = Automatic;
				DEVELOPMENT_ASSET_PATHS = "\"SwiftyCrypto/Preview Content\"";
				DEVELOPMENT_TEAM = 7KN966P9LP;
				ENABLE_PREVIEWS = YES;
				INFOPLIST_FILE = SwiftyCrypto/Info.plist;
				IPHONEOS_DEPLOYMENT_TARGET = 14.0;
				LD_RUNPATH_SEARCH_PATHS = (
					"$(inherited)",
					"@executable_path/Frameworks",
				);
				PRODUCT_BUNDLE_IDENTIFIER = com.lswarss.SwiftyCrypto;
				PRODUCT_NAME = "$(TARGET_NAME)";
				SWIFT_VERSION = 5.0;
				TARGETED_DEVICE_FAMILY = "1,2";
			};
			name = Release;
		};
		7AA871A126A5F05D00D3B2FE /* Debug */ = {
			isa = XCBuildConfiguration;
			buildSettings = {
				BUNDLE_LOADER = "$(TEST_HOST)";
				CODE_SIGN_STYLE = Automatic;
				CURRENT_PROJECT_VERSION = 1;
				DEVELOPMENT_TEAM = 7KN966P9LP;
				GENERATE_INFOPLIST_FILE = YES;
				IPHONEOS_DEPLOYMENT_TARGET = 14.0;
				LD_RUNPATH_SEARCH_PATHS = (
					"$(inherited)",
					"@executable_path/Frameworks",
					"@loader_path/Frameworks",
				);
				MARKETING_VERSION = 1.0;
				PRODUCT_BUNDLE_IDENTIFIER = com.lswarss.SwiftyCryptoUnitTests;
				PRODUCT_NAME = "$(TARGET_NAME)";
				SWIFT_EMIT_LOC_STRINGS = NO;
				SWIFT_VERSION = 5.0;
				TARGETED_DEVICE_FAMILY = "1,2";
				TEST_HOST = "$(BUILT_PRODUCTS_DIR)/SwiftyCrypto.app/SwiftyCrypto";
			};
			name = Debug;
		};
		7AA871A226A5F05D00D3B2FE /* Release */ = {
			isa = XCBuildConfiguration;
			buildSettings = {
				BUNDLE_LOADER = "$(TEST_HOST)";
				CODE_SIGN_STYLE = Automatic;
				CURRENT_PROJECT_VERSION = 1;
				DEVELOPMENT_TEAM = 7KN966P9LP;
				GENERATE_INFOPLIST_FILE = YES;
				IPHONEOS_DEPLOYMENT_TARGET = 14.0;
				LD_RUNPATH_SEARCH_PATHS = (
					"$(inherited)",
					"@executable_path/Frameworks",
					"@loader_path/Frameworks",
				);
				MARKETING_VERSION = 1.0;
				PRODUCT_BUNDLE_IDENTIFIER = com.lswarss.SwiftyCryptoUnitTests;
				PRODUCT_NAME = "$(TARGET_NAME)";
				SWIFT_EMIT_LOC_STRINGS = NO;
				SWIFT_VERSION = 5.0;
				TARGETED_DEVICE_FAMILY = "1,2";
				TEST_HOST = "$(BUILT_PRODUCTS_DIR)/SwiftyCrypto.app/SwiftyCrypto";
			};
			name = Release;
		};
/* End XCBuildConfiguration section */

/* Begin XCConfigurationList section */
		7A11E94026A06E9800B3D36C /* Build configuration list for PBXProject "SwiftyCrypto" */ = {
			isa = XCConfigurationList;
			buildConfigurations = (
				7A11E95226A06E9900B3D36C /* Debug */,
				7A11E95326A06E9900B3D36C /* Release */,
			);
			defaultConfigurationIsVisible = 0;
			defaultConfigurationName = Release;
		};
		7A11E95426A06E9900B3D36C /* Build configuration list for PBXNativeTarget "SwiftyCrypto" */ = {
			isa = XCConfigurationList;
			buildConfigurations = (
				7A11E95526A06E9900B3D36C /* Debug */,
				7A11E95626A06E9900B3D36C /* Release */,
			);
			defaultConfigurationIsVisible = 0;
			defaultConfigurationName = Release;
		};
		7AA871A026A5F05D00D3B2FE /* Build configuration list for PBXNativeTarget "SwiftyCryptoUnitTests" */ = {
			isa = XCConfigurationList;
			buildConfigurations = (
				7AA871A126A5F05D00D3B2FE /* Debug */,
				7AA871A226A5F05D00D3B2FE /* Release */,
			);
			defaultConfigurationIsVisible = 0;
			defaultConfigurationName = Release;
		};
/* End XCConfigurationList section */

/* Begin XCVersionGroup section */
		7AF1190226F07ADB0054E4E1 /* PortfolioContainer.xcdatamodeld */ = {
			isa = XCVersionGroup;
			children = (
				7AF1190326F07ADB0054E4E1 /* PortfolioContainer.xcdatamodel */,
			);
			currentVersion = 7AF1190326F07ADB0054E4E1 /* PortfolioContainer.xcdatamodel */;
			path = PortfolioContainer.xcdatamodeld;
			sourceTree = "<group>";
			versionGroupType = wrapper.xcdatamodel;
		};
/* End XCVersionGroup section */
	};
	rootObject = 7A11E93D26A06E9800B3D36C /* Project object */;
}
